
Microsoft Visual Studio Solution File, Format Version 12.00
# Visual Studio Version 17
VisualStudioVersion = 17.3.32901.215
MinimumVisualStudioVersion = 10.0.40219.1
Project("{FAE04EC0-301F-11D3-BF4B-00C04F79EFBC}") = "Transport", "Transport\Transport.csproj", "{EC1FC5C8-E805-4747-AAB6-EE5344093907}"
EndProject
Global
	GlobalSection(SolutionConfigurationPlatforms) = preSolution
		Debug|Any CPU = Debug|Any CPU
		Release|Any CPU = Release|Any CPU
	EndGlobalSection
	GlobalSection(ProjectConfigurationPlatforms) = postSolution
		{EC1FC5C8-E805-4747-AAB6-EE5344093907}.Debug|Any CPU.ActiveCfg = Debug|Any CPU
		{EC1FC5C8-E805-4747-AAB6-EE5344093907}.Debug|Any CPU.Build.0 = Debug|Any CPU
		{EC1FC5C8-E805-4747-AAB6-EE5344093907}.Release|Any CPU.ActiveCfg = Release|Any CPU
		{EC1FC5C8-E805-4747-AAB6-EE5344093907}.Release|Any CPU.Build.0 = Release|Any CPU
	EndGlobalSection
	GlobalSection(SolutionProperties) = preSolution
		HideSolutionNode = FALSE
	EndGlobalSection
	GlobalSection(ExtensibilityGlobals) = postSolution
		SolutionGuid = {0AA321C8-DACC-4F27-98F7-46535A31A62A}
	EndGlobalSection
EndGlobal
