
Microsoft Visual Studio Solution File, Format Version 12.00
# Visual Studio Version 17
VisualStudioVersion = 17.4.33122.133
MinimumVisualStudioVersion = 10.0.40219.1
Project("{FAE04EC0-301F-11D3-BF4B-00C04F79EFBC}") = "WebApplications", "WebApplication\WebApplications.csproj", "{20C67667-5A93-4145-AE40-928AF995199A}"
EndProject
Global
	GlobalSection(SolutionConfigurationPlatforms) = preSolution
		Debug|Any CPU = Debug|Any CPU
		Release|Any CPU = Release|Any CPU
	EndGlobalSection
	GlobalSection(ProjectConfigurationPlatforms) = postSolution
		{20C67667-5A93-4145-AE40-928AF995199A}.Debug|Any CPU.ActiveCfg = Debug|Any CPU
		{20C67667-5A93-4145-AE40-928AF995199A}.Debug|Any CPU.Build.0 = Debug|Any CPU
		{20C67667-5A93-4145-AE40-928AF995199A}.Release|Any CPU.ActiveCfg = Release|Any CPU
		{20C67667-5A93-4145-AE40-928AF995199A}.Release|Any CPU.Build.0 = Release|Any CPU
	EndGlobalSection
	GlobalSection(SolutionProperties) = preSolution
		HideSolutionNode = FALSE
	EndGlobalSection
	GlobalSection(ExtensibilityGlobals) = postSolution
		SolutionGuid = {6DE74752-241D-451C-B465-4F320ACA32F1}
	EndGlobalSection
EndGlobal
